{
  "version": 4,
  "terraform_version": "1.3.5",
  "serial": 28,
  "lineage": "98f2d650-c407-3209-53b7-e021d247f1da",
  "outputs": {},
  "resources": [
    {
      "mode": "managed",
      "type": "google_storage_bucket",
      "name": "scraper_bucket",
      "provider": "provider[\"registry.terraform.io/hashicorp/google\"]",
      "instances": [
        {
          "schema_version": 1,
          "attributes": {
            "autoclass": [],
            "cors": [],
            "custom_placement_config": [],
            "default_event_based_hold": false,
            "effective_labels": {},
            "enable_object_retention": false,
            "encryption": [],
            "force_destroy": false,
            "id": "plewak-414307-scraper-bucket",
            "labels": {},
            "lifecycle_rule": [],
            "location": "US-EAST1",
            "logging": [],
            "name": "plewak-414307-scraper-bucket",
            "project": "plewak-414307",
            "project_number": 728682623232,
            "public_access_prevention": "inherited",
            "requester_pays": false,
            "retention_policy": [],
            "rpo": null,
            "self_link": "https://www.googleapis.com/storage/v1/b/plewak-414307-scraper-bucket",
            "soft_delete_policy": [
              {
                "effective_time": "2024-07-09T08:30:08.233Z",
                "retention_duration_seconds": 604800
              }
            ],
            "storage_class": "STANDARD",
            "terraform_labels": {},
            "timeouts": null,
            "uniform_bucket_level_access": false,
            "url": "gs://plewak-414307-scraper-bucket",
            "versioning": [],
            "website": []
          },
          "sensitive_attributes": [],
          "private": "eyJlMmJmYjczMC1lY2FhLTExZTYtOGY4OC0zNDM2M2JjN2M0YzAiOnsiY3JlYXRlIjo2MDAwMDAwMDAwMDAsInJlYWQiOjI0MDAwMDAwMDAwMCwidXBkYXRlIjoyNDAwMDAwMDAwMDB9LCJzY2hlbWFfdmVyc2lvbiI6IjEifQ=="
        }
      ]
    },
    {
      "mode": "managed",
      "type": "google_storage_bucket_object",
      "name": "scraper_code",
      "provider": "provider[\"registry.terraform.io/hashicorp/google\"]",
      "instances": [
        {
          "schema_version": 0,
          "attributes": {
            "bucket": "plewak-414307-scraper-bucket",
            "cache_control": "",
            "content": null,
            "content_disposition": "",
            "content_encoding": "",
            "content_language": "",
            "content_type": "text/plain; charset=utf-8",
            "crc32c": "IkDexQ==",
            "customer_encryption": [],
            "detect_md5hash": "yjsurlr7zVIV7u2HU0hvrg==",
            "event_based_hold": false,
            "id": "plewak-414307-scraper-bucket-scraper.py",
            "kms_key_name": "",
            "md5hash": "yjsurlr7zVIV7u2HU0hvrg==",
            "media_link": "https://storage.googleapis.com/download/storage/v1/b/plewak-414307-scraper-bucket/o/scraper.py?generation=1720513808648045\u0026alt=media",
            "metadata": {},
            "name": "scraper.py",
            "output_name": "scraper.py",
            "retention": [],
            "self_link": "https://www.googleapis.com/storage/v1/b/plewak-414307-scraper-bucket/o/scraper.py",
            "source": "../src/scraper.py",
            "storage_class": "STANDARD",
            "temporary_hold": false,
            "timeouts": null
          },
          "sensitive_attributes": [],
          "private": "eyJlMmJmYjczMC1lY2FhLTExZTYtOGY4OC0zNDM2M2JjN2M0YzAiOnsiY3JlYXRlIjoyNDAwMDAwMDAwMDAsImRlbGV0ZSI6MjQwMDAwMDAwMDAwLCJ1cGRhdGUiOjI0MDAwMDAwMDAwMH19",
          "dependencies": [
            "google_storage_bucket.scraper_bucket"
          ]
        }
      ]
    }
  ],
  "check_results": null
}
